
Microsoft Visual Studio Solution File, Format Version 12.00
# Visual Studio Version 17
VisualStudioVersion = 17.9.34723.18
MinimumVisualStudioVersion = 10.0.40219.1
Project("{9A19103F-16F7-4668-BE54-9A1E7A4F7556}") = "Events.Api", "Events.Api\Events.Api.csproj", "{A3C951AA-6549-4446-ABEF-A24A03D18B89}"
	ProjectSection(ProjectDependencies) = postProject
		{F11EBED3-1D7A-40D2-8164-18302A874EC4} = {F11EBED3-1D7A-40D2-8164-18302A874EC4}
	EndProjectSection
EndProject
Project("{FAE04EC0-301F-11D3-BF4B-00C04F79EFBC}") = "Events.Domain", "Events.Domain\Events.Domain.csproj", "{F11EBED3-1D7A-40D2-8164-18302A874EC4}"
EndProject
Project("{FAE04EC0-301F-11D3-BF4B-00C04F79EFBC}") = "Events.Application", "Events.Application\Events.Application.csproj", "{53F4765A-F818-453F-82E3-A9BEB4F0AE63}"
EndProject
Project("{FAE04EC0-301F-11D3-BF4B-00C04F79EFBC}") = "Events.Infrastructure", "Events.Infrastructure\Events.Infrastructure.csproj", "{AC0A538C-C386-488A-9F76-97A1F446E57F}"
EndProject
Global
	GlobalSection(SolutionConfigurationPlatforms) = preSolution
		Debug|Any CPU = Debug|Any CPU
		Release|Any CPU = Release|Any CPU
	EndGlobalSection
	GlobalSection(ProjectConfigurationPlatforms) = postSolution
		{A3C951AA-6549-4446-ABEF-A24A03D18B89}.Debug|Any CPU.ActiveCfg = Debug|Any CPU
		{A3C951AA-6549-4446-ABEF-A24A03D18B89}.Debug|Any CPU.Build.0 = Debug|Any CPU
		{A3C951AA-6549-4446-ABEF-A24A03D18B89}.Release|Any CPU.ActiveCfg = Release|Any CPU
		{A3C951AA-6549-4446-ABEF-A24A03D18B89}.Release|Any CPU.Build.0 = Release|Any CPU
		{F11EBED3-1D7A-40D2-8164-18302A874EC4}.Debug|Any CPU.ActiveCfg = Debug|Any CPU
		{F11EBED3-1D7A-40D2-8164-18302A874EC4}.Debug|Any CPU.Build.0 = Debug|Any CPU
		{F11EBED3-1D7A-40D2-8164-18302A874EC4}.Release|Any CPU.ActiveCfg = Release|Any CPU
		{F11EBED3-1D7A-40D2-8164-18302A874EC4}.Release|Any CPU.Build.0 = Release|Any CPU
		{53F4765A-F818-453F-82E3-A9BEB4F0AE63}.Debug|Any CPU.ActiveCfg = Debug|Any CPU
		{53F4765A-F818-453F-82E3-A9BEB4F0AE63}.Debug|Any CPU.Build.0 = Debug|Any CPU
		{53F4765A-F818-453F-82E3-A9BEB4F0AE63}.Release|Any CPU.ActiveCfg = Release|Any CPU
		{53F4765A-F818-453F-82E3-A9BEB4F0AE63}.Release|Any CPU.Build.0 = Release|Any CPU
		{AC0A538C-C386-488A-9F76-97A1F446E57F}.Debug|Any CPU.ActiveCfg = Debug|Any CPU
		{AC0A538C-C386-488A-9F76-97A1F446E57F}.Debug|Any CPU.Build.0 = Debug|Any CPU
		{AC0A538C-C386-488A-9F76-97A1F446E57F}.Release|Any CPU.ActiveCfg = Release|Any CPU
		{AC0A538C-C386-488A-9F76-97A1F446E57F}.Release|Any CPU.Build.0 = Release|Any CPU
	EndGlobalSection
	GlobalSection(SolutionProperties) = preSolution
		HideSolutionNode = FALSE
	EndGlobalSection
	GlobalSection(ExtensibilityGlobals) = postSolution
		SolutionGuid = {8BAD7BBB-6559-4BDA-AC63-A62CDE7B8F68}
	EndGlobalSection
EndGlobal
