
Microsoft Visual Studio Solution File, Format Version 12.00
# Visual Studio Version 17
VisualStudioVersion = 17.9.34723.18
MinimumVisualStudioVersion = 10.0.40219.1
Project("{9A19103F-16F7-4668-BE54-9A1E7A4F7556}") = "Events.Api", "Events.Api\Events.Api.csproj", "{A3C951AA-6549-4446-ABEF-A24A03D18B89}"
	ProjectSection(ProjectDependencies) = postProject
		{F11EBED3-1D7A-40D2-8164-18302A874EC4} = {F11EBED3-1D7A-40D2-8164-18302A874EC4}
	EndProjectSection
EndProject
Project("{9A19103F-16F7-4668-BE54-9A1E7A4F7556}") = "Events.Domain", "Events.Domain\Events.Domain.csproj", "{F11EBED3-1D7A-40D2-8164-18302A874EC4}"
EndProject
Project("{9A19103F-16F7-4668-BE54-9A1E7A4F7556}") = "Events.Tests", "Events.Tests\Events.Tests.csproj", "{0C491866-E007-43DD-8146-B82EDA6431DE}"
EndProject
Project("{9A19103F-16F7-4668-BE54-9A1E7A4F7556}") = "Events.Application", "Events.Application\Events.Application.csproj", "{15131782-0D73-43AC-B172-30FBCC475FE3}"
EndProject
Project("{9A19103F-16F7-4668-BE54-9A1E7A4F7556}") = "Events.Infrastructure", "Events.Infrastructure\Events.Infrastructure.csproj", "{4D310B50-6F01-4FF7-82D2-CC146F40C759}"
	ProjectSection(ProjectDependencies) = postProject
		{15131782-0D73-43AC-B172-30FBCC475FE3} = {15131782-0D73-43AC-B172-30FBCC475FE3}
		{F11EBED3-1D7A-40D2-8164-18302A874EC4} = {F11EBED3-1D7A-40D2-8164-18302A874EC4}
	EndProjectSection
EndProject
Global
	GlobalSection(SolutionConfigurationPlatforms) = preSolution
		Debug|Any CPU = Debug|Any CPU
		Release|Any CPU = Release|Any CPU
	EndGlobalSection
	GlobalSection(ProjectConfigurationPlatforms) = postSolution
		{A3C951AA-6549-4446-ABEF-A24A03D18B89}.Debug|Any CPU.ActiveCfg = Debug|Any CPU
		{A3C951AA-6549-4446-ABEF-A24A03D18B89}.Debug|Any CPU.Build.0 = Debug|Any CPU
		{A3C951AA-6549-4446-ABEF-A24A03D18B89}.Release|Any CPU.ActiveCfg = Release|Any CPU
		{A3C951AA-6549-4446-ABEF-A24A03D18B89}.Release|Any CPU.Build.0 = Release|Any CPU
		{F11EBED3-1D7A-40D2-8164-18302A874EC4}.Debug|Any CPU.ActiveCfg = Debug|Any CPU
		{F11EBED3-1D7A-40D2-8164-18302A874EC4}.Debug|Any CPU.Build.0 = Debug|Any CPU
		{F11EBED3-1D7A-40D2-8164-18302A874EC4}.Release|Any CPU.ActiveCfg = Release|Any CPU
		{F11EBED3-1D7A-40D2-8164-18302A874EC4}.Release|Any CPU.Build.0 = Release|Any CPU
		{0C491866-E007-43DD-8146-B82EDA6431DE}.Debug|Any CPU.ActiveCfg = Debug|Any CPU
		{0C491866-E007-43DD-8146-B82EDA6431DE}.Debug|Any CPU.Build.0 = Debug|Any CPU
		{0C491866-E007-43DD-8146-B82EDA6431DE}.Release|Any CPU.ActiveCfg = Release|Any CPU
		{0C491866-E007-43DD-8146-B82EDA6431DE}.Release|Any CPU.Build.0 = Release|Any CPU
		{15131782-0D73-43AC-B172-30FBCC475FE3}.Debug|Any CPU.ActiveCfg = Debug|Any CPU
		{15131782-0D73-43AC-B172-30FBCC475FE3}.Debug|Any CPU.Build.0 = Debug|Any CPU
		{15131782-0D73-43AC-B172-30FBCC475FE3}.Release|Any CPU.ActiveCfg = Release|Any CPU
		{15131782-0D73-43AC-B172-30FBCC475FE3}.Release|Any CPU.Build.0 = Release|Any CPU
		{4D310B50-6F01-4FF7-82D2-CC146F40C759}.Debug|Any CPU.ActiveCfg = Debug|Any CPU
		{4D310B50-6F01-4FF7-82D2-CC146F40C759}.Debug|Any CPU.Build.0 = Debug|Any CPU
		{4D310B50-6F01-4FF7-82D2-CC146F40C759}.Release|Any CPU.ActiveCfg = Release|Any CPU
		{4D310B50-6F01-4FF7-82D2-CC146F40C759}.Release|Any CPU.Build.0 = Release|Any CPU
	EndGlobalSection
	GlobalSection(SolutionProperties) = preSolution
		HideSolutionNode = FALSE
	EndGlobalSection
	GlobalSection(ExtensibilityGlobals) = postSolution
		SolutionGuid = {8BAD7BBB-6559-4BDA-AC63-A62CDE7B8F68}
	EndGlobalSection
EndGlobal
